
Microsoft Visual Studio Solution File, Format Version 12.00
# Visual Studio Version 17
VisualStudioVersion = 17.12.35527.113
MinimumVisualStudioVersion = 10.0.40219.1
Project("{FAE04EC0-301F-11D3-BF4B-00C04F79EFBC}") = "les1", "les1\les1.csproj", "{565E7701-4CBA-45D2-88A2-12A7F27BEF52}"
EndProject
Project("{FAE04EC0-301F-11D3-BF4B-00C04F79EFBC}") = "les2", "les2\les2.csproj", "{99C4FF41-7203-4B0A-9129-C454409F4D8C}"
EndProject
Project("{FAE04EC0-301F-11D3-BF4B-00C04F79EFBC}") = "les3", "les3\les3.csproj", "{EC8045A3-832C-4C33-B937-63047DE15FB4}"
EndProject
Project("{FAE04EC0-301F-11D3-BF4B-00C04F79EFBC}") = "zadanie2", "zadanie2\zadanie2.csproj", "{C310B037-EE75-429C-A3B8-F06DF7731559}"
EndProject
Project("{FAE04EC0-301F-11D3-BF4B-00C04F79EFBC}") = "lab3", "lab3\lab3.csproj", "{11941E84-7827-4142-86B7-28EF2CFC5003}"
EndProject
Project("{FAE04EC0-301F-11D3-BF4B-00C04F79EFBC}") = "les4", "les4\les4.csproj", "{0D7422D4-80B2-4771-903B-E54A58F97D23}"
EndProject
Project("{FAE04EC0-301F-11D3-BF4B-00C04F79EFBC}") = "les5", "les5\les5.csproj", "{404E960A-891A-4DB1-9BEC-729D58B3BD32}"
EndProject
Project("{FAE04EC0-301F-11D3-BF4B-00C04F79EFBC}") = "les6", "les6\les6.csproj", "{FEBE551F-27EF-4DB8-AC6D-10EF70A528A8}"
EndProject
Project("{FAE04EC0-301F-11D3-BF4B-00C04F79EFBC}") = "les7", "les7\les7.csproj", "{F158D4F7-6802-44A6-B81C-3868BE3F94A2}"
EndProject
Project("{FAE04EC0-301F-11D3-BF4B-00C04F79EFBC}") = "les8", "les8\les8.csproj", "{3E707F37-44EB-4FAF-A6B4-51E9AB4F75E0}"
EndProject
Project("{FAE04EC0-301F-11D3-BF4B-00C04F79EFBC}") = "lab4", "lab4\lab4.csproj", "{15653B18-2819-439E-9274-3597C8CE07F4}"
EndProject
Project("{FAE04EC0-301F-11D3-BF4B-00C04F79EFBC}") = "les9", "les9\les9.csproj", "{278B4834-C669-45EE-9904-54652CFA7247}"
EndProject
Project("{FAE04EC0-301F-11D3-BF4B-00C04F79EFBC}") = "les10", "les10\les10.csproj", "{C0C80B86-5FD2-4D81-BE86-694E3BB08052}"
EndProject
Project("{FAE04EC0-301F-11D3-BF4B-00C04F79EFBC}") = "les11", "les11\les11.csproj", "{BDEFBCEB-D812-4709-A7B0-071D84D350A4}"
EndProject
Project("{FAE04EC0-301F-11D3-BF4B-00C04F79EFBC}") = "les12", "les12\les12.csproj", "{1E5AAF43-E8C5-4CCB-B9F8-6F3118C4D3D0}"
EndProject
Project("{FAE04EC0-301F-11D3-BF4B-00C04F79EFBC}") = "les13", "les13\les13.csproj", "{57AD3E32-D1CA-4B6A-A48E-DC64E0A369CE}"
EndProject
Project("{FAE04EC0-301F-11D3-BF4B-00C04F79EFBC}") = "lab6", "lab6\lab6.csproj", "{6694F720-F6B0-4929-A4C6-5ADC7FA818C3}"
EndProject
Project("{FAE04EC0-301F-11D3-BF4B-00C04F79EFBC}") = "les14", "les14\les14.csproj", "{EF84D85C-710C-4D2C-8C32-FF2DB2EDAFEB}"
EndProject
Global
	GlobalSection(SolutionConfigurationPlatforms) = preSolution
		Debug|Any CPU = Debug|Any CPU
		Release|Any CPU = Release|Any CPU
	EndGlobalSection
	GlobalSection(ProjectConfigurationPlatforms) = postSolution
		{565E7701-4CBA-45D2-88A2-12A7F27BEF52}.Debug|Any CPU.ActiveCfg = Debug|Any CPU
		{565E7701-4CBA-45D2-88A2-12A7F27BEF52}.Debug|Any CPU.Build.0 = Debug|Any CPU
		{565E7701-4CBA-45D2-88A2-12A7F27BEF52}.Release|Any CPU.ActiveCfg = Release|Any CPU
		{565E7701-4CBA-45D2-88A2-12A7F27BEF52}.Release|Any CPU.Build.0 = Release|Any CPU
		{99C4FF41-7203-4B0A-9129-C454409F4D8C}.Debug|Any CPU.ActiveCfg = Debug|Any CPU
		{99C4FF41-7203-4B0A-9129-C454409F4D8C}.Debug|Any CPU.Build.0 = Debug|Any CPU
		{99C4FF41-7203-4B0A-9129-C454409F4D8C}.Release|Any CPU.ActiveCfg = Release|Any CPU
		{99C4FF41-7203-4B0A-9129-C454409F4D8C}.Release|Any CPU.Build.0 = Release|Any CPU
		{EC8045A3-832C-4C33-B937-63047DE15FB4}.Debug|Any CPU.ActiveCfg = Debug|Any CPU
		{EC8045A3-832C-4C33-B937-63047DE15FB4}.Debug|Any CPU.Build.0 = Debug|Any CPU
		{EC8045A3-832C-4C33-B937-63047DE15FB4}.Release|Any CPU.ActiveCfg = Release|Any CPU
		{EC8045A3-832C-4C33-B937-63047DE15FB4}.Release|Any CPU.Build.0 = Release|Any CPU
		{C310B037-EE75-429C-A3B8-F06DF7731559}.Debug|Any CPU.ActiveCfg = Debug|Any CPU
		{C310B037-EE75-429C-A3B8-F06DF7731559}.Debug|Any CPU.Build.0 = Debug|Any CPU
		{C310B037-EE75-429C-A3B8-F06DF7731559}.Release|Any CPU.ActiveCfg = Release|Any CPU
		{C310B037-EE75-429C-A3B8-F06DF7731559}.Release|Any CPU.Build.0 = Release|Any CPU
		{11941E84-7827-4142-86B7-28EF2CFC5003}.Debug|Any CPU.ActiveCfg = Debug|Any CPU
		{11941E84-7827-4142-86B7-28EF2CFC5003}.Debug|Any CPU.Build.0 = Debug|Any CPU
		{11941E84-7827-4142-86B7-28EF2CFC5003}.Release|Any CPU.ActiveCfg = Release|Any CPU
		{11941E84-7827-4142-86B7-28EF2CFC5003}.Release|Any CPU.Build.0 = Release|Any CPU
		{0D7422D4-80B2-4771-903B-E54A58F97D23}.Debug|Any CPU.ActiveCfg = Debug|Any CPU
		{0D7422D4-80B2-4771-903B-E54A58F97D23}.Debug|Any CPU.Build.0 = Debug|Any CPU
		{0D7422D4-80B2-4771-903B-E54A58F97D23}.Release|Any CPU.ActiveCfg = Release|Any CPU
		{0D7422D4-80B2-4771-903B-E54A58F97D23}.Release|Any CPU.Build.0 = Release|Any CPU
		{404E960A-891A-4DB1-9BEC-729D58B3BD32}.Debug|Any CPU.ActiveCfg = Debug|Any CPU
		{404E960A-891A-4DB1-9BEC-729D58B3BD32}.Debug|Any CPU.Build.0 = Debug|Any CPU
		{404E960A-891A-4DB1-9BEC-729D58B3BD32}.Release|Any CPU.ActiveCfg = Release|Any CPU
		{404E960A-891A-4DB1-9BEC-729D58B3BD32}.Release|Any CPU.Build.0 = Release|Any CPU
		{FEBE551F-27EF-4DB8-AC6D-10EF70A528A8}.Debug|Any CPU.ActiveCfg = Debug|Any CPU
		{FEBE551F-27EF-4DB8-AC6D-10EF70A528A8}.Debug|Any CPU.Build.0 = Debug|Any CPU
		{FEBE551F-27EF-4DB8-AC6D-10EF70A528A8}.Release|Any CPU.ActiveCfg = Release|Any CPU
		{FEBE551F-27EF-4DB8-AC6D-10EF70A528A8}.Release|Any CPU.Build.0 = Release|Any CPU
		{F158D4F7-6802-44A6-B81C-3868BE3F94A2}.Debug|Any CPU.ActiveCfg = Debug|Any CPU
		{F158D4F7-6802-44A6-B81C-3868BE3F94A2}.Debug|Any CPU.Build.0 = Debug|Any CPU
		{F158D4F7-6802-44A6-B81C-3868BE3F94A2}.Release|Any CPU.ActiveCfg = Release|Any CPU
		{F158D4F7-6802-44A6-B81C-3868BE3F94A2}.Release|Any CPU.Build.0 = Release|Any CPU
		{3E707F37-44EB-4FAF-A6B4-51E9AB4F75E0}.Debug|Any CPU.ActiveCfg = Debug|Any CPU
		{3E707F37-44EB-4FAF-A6B4-51E9AB4F75E0}.Debug|Any CPU.Build.0 = Debug|Any CPU
		{3E707F37-44EB-4FAF-A6B4-51E9AB4F75E0}.Release|Any CPU.ActiveCfg = Release|Any CPU
		{3E707F37-44EB-4FAF-A6B4-51E9AB4F75E0}.Release|Any CPU.Build.0 = Release|Any CPU
		{15653B18-2819-439E-9274-3597C8CE07F4}.Debug|Any CPU.ActiveCfg = Debug|Any CPU
		{15653B18-2819-439E-9274-3597C8CE07F4}.Debug|Any CPU.Build.0 = Debug|Any CPU
		{15653B18-2819-439E-9274-3597C8CE07F4}.Release|Any CPU.ActiveCfg = Release|Any CPU
		{15653B18-2819-439E-9274-3597C8CE07F4}.Release|Any CPU.Build.0 = Release|Any CPU
		{278B4834-C669-45EE-9904-54652CFA7247}.Debug|Any CPU.ActiveCfg = Debug|Any CPU
		{278B4834-C669-45EE-9904-54652CFA7247}.Debug|Any CPU.Build.0 = Debug|Any CPU
		{278B4834-C669-45EE-9904-54652CFA7247}.Release|Any CPU.ActiveCfg = Release|Any CPU
		{278B4834-C669-45EE-9904-54652CFA7247}.Release|Any CPU.Build.0 = Release|Any CPU
		{C0C80B86-5FD2-4D81-BE86-694E3BB08052}.Debug|Any CPU.ActiveCfg = Debug|Any CPU
		{C0C80B86-5FD2-4D81-BE86-694E3BB08052}.Debug|Any CPU.Build.0 = Debug|Any CPU
		{C0C80B86-5FD2-4D81-BE86-694E3BB08052}.Release|Any CPU.ActiveCfg = Release|Any CPU
		{C0C80B86-5FD2-4D81-BE86-694E3BB08052}.Release|Any CPU.Build.0 = Release|Any CPU
		{BDEFBCEB-D812-4709-A7B0-071D84D350A4}.Debug|Any CPU.ActiveCfg = Debug|Any CPU
		{BDEFBCEB-D812-4709-A7B0-071D84D350A4}.Debug|Any CPU.Build.0 = Debug|Any CPU
		{BDEFBCEB-D812-4709-A7B0-071D84D350A4}.Release|Any CPU.ActiveCfg = Release|Any CPU
		{BDEFBCEB-D812-4709-A7B0-071D84D350A4}.Release|Any CPU.Build.0 = Release|Any CPU
		{1E5AAF43-E8C5-4CCB-B9F8-6F3118C4D3D0}.Debug|Any CPU.ActiveCfg = Debug|Any CPU
		{1E5AAF43-E8C5-4CCB-B9F8-6F3118C4D3D0}.Debug|Any CPU.Build.0 = Debug|Any CPU
		{1E5AAF43-E8C5-4CCB-B9F8-6F3118C4D3D0}.Release|Any CPU.ActiveCfg = Release|Any CPU
		{1E5AAF43-E8C5-4CCB-B9F8-6F3118C4D3D0}.Release|Any CPU.Build.0 = Release|Any CPU
		{57AD3E32-D1CA-4B6A-A48E-DC64E0A369CE}.Debug|Any CPU.ActiveCfg = Debug|Any CPU
		{57AD3E32-D1CA-4B6A-A48E-DC64E0A369CE}.Debug|Any CPU.Build.0 = Debug|Any CPU
		{57AD3E32-D1CA-4B6A-A48E-DC64E0A369CE}.Release|Any CPU.ActiveCfg = Release|Any CPU
		{57AD3E32-D1CA-4B6A-A48E-DC64E0A369CE}.Release|Any CPU.Build.0 = Release|Any CPU
		{6694F720-F6B0-4929-A4C6-5ADC7FA818C3}.Debug|Any CPU.ActiveCfg = Debug|Any CPU
		{6694F720-F6B0-4929-A4C6-5ADC7FA818C3}.Debug|Any CPU.Build.0 = Debug|Any CPU
		{6694F720-F6B0-4929-A4C6-5ADC7FA818C3}.Release|Any CPU.ActiveCfg = Release|Any CPU
		{6694F720-F6B0-4929-A4C6-5ADC7FA818C3}.Release|Any CPU.Build.0 = Release|Any CPU
		{EF84D85C-710C-4D2C-8C32-FF2DB2EDAFEB}.Debug|Any CPU.ActiveCfg = Debug|Any CPU
		{EF84D85C-710C-4D2C-8C32-FF2DB2EDAFEB}.Debug|Any CPU.Build.0 = Debug|Any CPU
		{EF84D85C-710C-4D2C-8C32-FF2DB2EDAFEB}.Release|Any CPU.ActiveCfg = Release|Any CPU
		{EF84D85C-710C-4D2C-8C32-FF2DB2EDAFEB}.Release|Any CPU.Build.0 = Release|Any CPU
	EndGlobalSection
	GlobalSection(SolutionProperties) = preSolution
		HideSolutionNode = FALSE
	EndGlobalSection
EndGlobal
