
Microsoft Visual Studio Solution File, Format Version 12.00
# Visual Studio Version 17
VisualStudioVersion = 17.12.35527.113
MinimumVisualStudioVersion = 10.0.40219.1
Project("{FAE04EC0-301F-11D3-BF4B-00C04F79EFBC}") = "les1", "les1\les1.csproj", "{565E7701-4CBA-45D2-88A2-12A7F27BEF52}"
EndProject
Project("{FAE04EC0-301F-11D3-BF4B-00C04F79EFBC}") = "les2", "les2\les2.csproj", "{99C4FF41-7203-4B0A-9129-C454409F4D8C}"
EndProject
Project("{FAE04EC0-301F-11D3-BF4B-00C04F79EFBC}") = "les3", "les3\les3.csproj", "{EC8045A3-832C-4C33-B937-63047DE15FB4}"
EndProject
Project("{FAE04EC0-301F-11D3-BF4B-00C04F79EFBC}") = "zadanie2", "zadanie2\zadanie2.csproj", "{C310B037-EE75-429C-A3B8-F06DF7731559}"
EndProject
Project("{FAE04EC0-301F-11D3-BF4B-00C04F79EFBC}") = "lab3", "lab3\lab3.csproj", "{11941E84-7827-4142-86B7-28EF2CFC5003}"
EndProject
Project("{FAE04EC0-301F-11D3-BF4B-00C04F79EFBC}") = "les4", "les4\les4.csproj", "{0D7422D4-80B2-4771-903B-E54A58F97D23}"
EndProject
Project("{FAE04EC0-301F-11D3-BF4B-00C04F79EFBC}") = "les5", "les5\les5.csproj", "{404E960A-891A-4DB1-9BEC-729D58B3BD32}"
EndProject
Project("{FAE04EC0-301F-11D3-BF4B-00C04F79EFBC}") = "les6", "les6\les6.csproj", "{FEBE551F-27EF-4DB8-AC6D-10EF70A528A8}"
EndProject
Project("{FAE04EC0-301F-11D3-BF4B-00C04F79EFBC}") = "les7", "les7\les7.csproj", "{F158D4F7-6802-44A6-B81C-3868BE3F94A2}"
EndProject
Project("{FAE04EC0-301F-11D3-BF4B-00C04F79EFBC}") = "les8", "les8\les8.csproj", "{3E707F37-44EB-4FAF-A6B4-51E9AB4F75E0}"
EndProject
Project("{FAE04EC0-301F-11D3-BF4B-00C04F79EFBC}") = "lab4", "lab4\lab4.csproj", "{15653B18-2819-439E-9274-3597C8CE07F4}"
EndProject
Project("{FAE04EC0-301F-11D3-BF4B-00C04F79EFBC}") = "les9", "les9\les9.csproj", "{278B4834-C669-45EE-9904-54652CFA7247}"
EndProject
Project("{FAE04EC0-301F-11D3-BF4B-00C04F79EFBC}") = "les10", "les10\les10.csproj", "{C0C80B86-5FD2-4D81-BE86-694E3BB08052}"
EndProject
Project("{FAE04EC0-301F-11D3-BF4B-00C04F79EFBC}") = "les11", "les11\les11.csproj", "{BDEFBCEB-D812-4709-A7B0-071D84D350A4}"
EndProject
Project("{FAE04EC0-301F-11D3-BF4B-00C04F79EFBC}") = "les12", "les12\les12.csproj", "{1E5AAF43-E8C5-4CCB-B9F8-6F3118C4D3D0}"
EndProject
Project("{FAE04EC0-301F-11D3-BF4B-00C04F79EFBC}") = "les13", "les13\les13.csproj", "{57AD3E32-D1CA-4B6A-A48E-DC64E0A369CE}"
EndProject
Project("{FAE04EC0-301F-11D3-BF4B-00C04F79EFBC}") = "lab6", "lab6\lab6.csproj", "{6694F720-F6B0-4929-A4C6-5ADC7FA818C3}"
EndProject
Project("{FAE04EC0-301F-11D3-BF4B-00C04F79EFBC}") = "les14", "les14\les14.csproj", "{EF84D85C-710C-4D2C-8C32-FF2DB2EDAFEB}"
EndProject
Project("{FAE04EC0-301F-11D3-BF4B-00C04F79EFBC}") = "lab8", "lab8\lab8.csproj", "{87F6C767-9C9C-474F-8BD9-D8A0253A251E}"
EndProject
Project("{FAE04EC0-301F-11D3-BF4B-00C04F79EFBC}") = "les15", "les15\les15.csproj", "{CCCEBC40-8DCC-4BF4-B70B-8F2299FAC5F4}"
EndProject
Project("{FAE04EC0-301F-11D3-BF4B-00C04F79EFBC}") = "les16", "les16\les16.csproj", "{ED3AE9CF-0ADA-4776-A8FB-62627EE16AB9}"
EndProject
Project("{FAE04EC0-301F-11D3-BF4B-00C04F79EFBC}") = "les17", "les17\les17.csproj", "{35F45A4D-856A-4745-A968-3F2CFAFDBDFF}"
EndProject
Project("{FAE04EC0-301F-11D3-BF4B-00C04F79EFBC}") = "network1", "network1\network1.csproj", "{66B874ED-8127-4DE5-A6DD-49E2E055DBA1}"
EndProject
Project("{FAE04EC0-301F-11D3-BF4B-00C04F79EFBC}") = "les18linq", "les18linq\les18linq.csproj", "{2C226748-369E-4E08-9AA2-A11B7053AE9E}"
EndProject
Project("{FAE04EC0-301F-11D3-BF4B-00C04F79EFBC}") = "les19linq", "les19linq\les19linq.csproj", "{43732A1C-0100-4153-8BD3-BEFEDFB65415}"
EndProject
Project("{FAE04EC0-301F-11D3-BF4B-00C04F79EFBC}") = "les20", "les20\les20.csproj", "{5044E9E5-6094-4570-817D-DB3ADF34AA80}"
EndProject
Project("{FAE04EC0-301F-11D3-BF4B-00C04F79EFBC}") = "network2", "network2\network2.csproj", "{0FB40463-2149-499A-95BB-9BEC546F361F}"
EndProject
Project("{FAE04EC0-301F-11D3-BF4B-00C04F79EFBC}") = "os1", "os1\os1.csproj", "{2E77A74C-0F2A-4205-A57E-E2AC70743766}"
EndProject
Project("{FAE04EC0-301F-11D3-BF4B-00C04F79EFBC}") = "os2", "os2\os2.csproj", "{D89172C1-D2B6-4EFC-8A4D-8F4E5DDA56F5}"
EndProject
Project("{FAE04EC0-301F-11D3-BF4B-00C04F79EFBC}") = "les21", "les21\les21.csproj", "{AB3A9E71-984A-49D6-9571-122AAB315939}"
EndProject
Project("{FAE04EC0-301F-11D3-BF4B-00C04F79EFBC}") = "Les22", "Les22\Les22.csproj", "{A86F7A45-A338-4C92-B72A-64D1CA8EFFE3}"
EndProject
Project("{FAE04EC0-301F-11D3-BF4B-00C04F79EFBC}") = "Les23", "Less23\Les23.csproj", "{0F096D56-5756-4843-8BA4-D4B486F60517}"
EndProject
Project("{FAE04EC0-301F-11D3-BF4B-00C04F79EFBC}") = "Les24", "Les24\Les24.csproj", "{24C5872A-96CB-4EC4-9037-F3187E2FC311}"
EndProject
Project("{FAE04EC0-301F-11D3-BF4B-00C04F79EFBC}") = "network3Server", "network3\network3Server.csproj", "{C2785A79-34DB-4097-B25B-5C0E516C3F36}"
EndProject
Project("{FAE04EC0-301F-11D3-BF4B-00C04F79EFBC}") = "network3Client", "network3Client\network3Client.csproj", "{8D4447CA-C383-4A81-AF72-6E6406301F3A}"
EndProject
Project("{FAE04EC0-301F-11D3-BF4B-00C04F79EFBC}") = "os3", "os3\os3.csproj", "{29F78190-5D4D-4887-B181-181CDDC09F98}"
EndProject
Project("{FAE04EC0-301F-11D3-BF4B-00C04F79EFBC}") = "Les25", "Les25\Les25.csproj", "{2C5A68DD-0572-40FA-9DF4-8CDA7A386AAA}"
EndProject
Project("{FAE04EC0-301F-11D3-BF4B-00C04F79EFBC}") = "Les27", "Les27\Les27.csproj", "{4BA32B25-191E-4ACC-A8F9-BD0D0D3445D5}"
EndProject
Project("{FAE04EC0-301F-11D3-BF4B-00C04F79EFBC}") = "network4Client", "network4Client\network4Client.csproj", "{6F84BB64-F8C4-4A77-97F8-239FAF3B3FD6}"
EndProject
Project("{FAE04EC0-301F-11D3-BF4B-00C04F79EFBC}") = "Les28", "Les28\Les28.csproj", "{D6B8A4A2-391B-4652-B205-A4D71745A04A}"
EndProject
Project("{FAE04EC0-301F-11D3-BF4B-00C04F79EFBC}") = "Les29", "Les29\Les29.csproj", "{4CE06752-BE97-4D66-9F33-64F4D02B4A18}"
EndProject
Project("{FAE04EC0-301F-11D3-BF4B-00C04F79EFBC}") = "Les30", "Les40\Les30.csproj", "{6D32A3CD-A976-4699-91BB-88BB6DFF6274}"
EndProject
Project("{FAE04EC0-301F-11D3-BF4B-00C04F79EFBC}") = "Les31", "Les31\Les31.csproj", "{22F68D7A-3AB2-4BC6-A756-6900F2770EF1}"
EndProject
Project("{FAE04EC0-301F-11D3-BF4B-00C04F79EFBC}") = "Les32", "Les32\Les32.csproj", "{10D915EB-0691-4F9B-9842-D09D7180ED01}"
EndProject
Project("{FAE04EC0-301F-11D3-BF4B-00C04F79EFBC}") = "Les33", "Les33\Les33.csproj", "{2ABF40A3-4C44-4CE7-A80E-EA8E4E556113}"
EndProject
Project("{FAE04EC0-301F-11D3-BF4B-00C04F79EFBC}") = "os4", "os4\os4.csproj", "{29856096-3C0E-446E-9C39-BB7FEAB2A361}"
EndProject
Project("{FAE04EC0-301F-11D3-BF4B-00C04F79EFBC}") = "Les34", "Les34\Les34.csproj", "{313402B6-4D52-4B9E-8F40-5BA0173E8A8F}"
EndProject
Project("{FAE04EC0-301F-11D3-BF4B-00C04F79EFBC}") = "Les35", "Les35\Les35.csproj", "{E01F7070-09C4-4944-B194-6629212AA1E3}"
EndProject
Project("{FAE04EC0-301F-11D3-BF4B-00C04F79EFBC}") = "Les36", "Les36\Les36.csproj", "{EEE35B24-6A92-4A47-829B-6891B370CA24}"
EndProject
Project("{FAE04EC0-301F-11D3-BF4B-00C04F79EFBC}") = "lab12-13", "lab12-13\lab12-13.csproj", "{97FE8EB5-970C-4A55-BFC4-1A5D6AA8D5F9}"
EndProject
Project("{FAE04EC0-301F-11D3-BF4B-00C04F79EFBC}") = "network5Client", "network5\network5Client.csproj", "{036DFE22-FCD7-4254-ABF0-8DF2FB98ED2F}"
EndProject
Project("{FAE04EC0-301F-11D3-BF4B-00C04F79EFBC}") = "network6Client", "network6\network6Client.csproj", "{1937DA9D-7548-44DB-90E8-6EB3A3A23A99}"
EndProject
Project("{FAE04EC0-301F-11D3-BF4B-00C04F79EFBC}") = "network7Server", "network6Server\network7Server.csproj", "{193877A4-10A6-4325-A39F-AEA9C61A4E5E}"
EndProject
Project("{FAE04EC0-301F-11D3-BF4B-00C04F79EFBC}") = "network7Clientt", "network7Clientt\network7Clientt.csproj", "{51498CE4-0788-4450-8990-3CD550915654}"
EndProject
Project("{FAE04EC0-301F-11D3-BF4B-00C04F79EFBC}") = "Les37", "Les37\Les37.csproj", "{251FCE85-9B16-49C4-B94E-F07A66C4A5BA}"
EndProject
Project("{FAE04EC0-301F-11D3-BF4B-00C04F79EFBC}") = "network8Server", "network8\network8Server.csproj", "{76143901-C406-4D9C-88E1-D7E8C5B8995B}"
EndProject
Project("{FAE04EC0-301F-11D3-BF4B-00C04F79EFBC}") = "network8Client", "network8Client\network8Client.csproj", "{4C2EEE3D-6385-41CD-B211-90989DFB9022}"
EndProject
Project("{FAE04EC0-301F-11D3-BF4B-00C04F79EFBC}") = "network9", "network9\network9.csproj", "{5AED3DB4-8B46-48F6-8FEF-82E25EE9B905}"
EndProject
Global
	GlobalSection(SolutionConfigurationPlatforms) = preSolution
		Debug|Any CPU = Debug|Any CPU
		Release|Any CPU = Release|Any CPU
	EndGlobalSection
	GlobalSection(ProjectConfigurationPlatforms) = postSolution
		{565E7701-4CBA-45D2-88A2-12A7F27BEF52}.Debug|Any CPU.ActiveCfg = Debug|Any CPU
		{565E7701-4CBA-45D2-88A2-12A7F27BEF52}.Debug|Any CPU.Build.0 = Debug|Any CPU
		{565E7701-4CBA-45D2-88A2-12A7F27BEF52}.Release|Any CPU.ActiveCfg = Release|Any CPU
		{565E7701-4CBA-45D2-88A2-12A7F27BEF52}.Release|Any CPU.Build.0 = Release|Any CPU
		{99C4FF41-7203-4B0A-9129-C454409F4D8C}.Debug|Any CPU.ActiveCfg = Debug|Any CPU
		{99C4FF41-7203-4B0A-9129-C454409F4D8C}.Debug|Any CPU.Build.0 = Debug|Any CPU
		{99C4FF41-7203-4B0A-9129-C454409F4D8C}.Release|Any CPU.ActiveCfg = Release|Any CPU
		{99C4FF41-7203-4B0A-9129-C454409F4D8C}.Release|Any CPU.Build.0 = Release|Any CPU
		{EC8045A3-832C-4C33-B937-63047DE15FB4}.Debug|Any CPU.ActiveCfg = Debug|Any CPU
		{EC8045A3-832C-4C33-B937-63047DE15FB4}.Debug|Any CPU.Build.0 = Debug|Any CPU
		{EC8045A3-832C-4C33-B937-63047DE15FB4}.Release|Any CPU.ActiveCfg = Release|Any CPU
		{EC8045A3-832C-4C33-B937-63047DE15FB4}.Release|Any CPU.Build.0 = Release|Any CPU
		{C310B037-EE75-429C-A3B8-F06DF7731559}.Debug|Any CPU.ActiveCfg = Debug|Any CPU
		{C310B037-EE75-429C-A3B8-F06DF7731559}.Debug|Any CPU.Build.0 = Debug|Any CPU
		{C310B037-EE75-429C-A3B8-F06DF7731559}.Release|Any CPU.ActiveCfg = Release|Any CPU
		{C310B037-EE75-429C-A3B8-F06DF7731559}.Release|Any CPU.Build.0 = Release|Any CPU
		{11941E84-7827-4142-86B7-28EF2CFC5003}.Debug|Any CPU.ActiveCfg = Debug|Any CPU
		{11941E84-7827-4142-86B7-28EF2CFC5003}.Debug|Any CPU.Build.0 = Debug|Any CPU
		{11941E84-7827-4142-86B7-28EF2CFC5003}.Release|Any CPU.ActiveCfg = Release|Any CPU
		{11941E84-7827-4142-86B7-28EF2CFC5003}.Release|Any CPU.Build.0 = Release|Any CPU
		{0D7422D4-80B2-4771-903B-E54A58F97D23}.Debug|Any CPU.ActiveCfg = Debug|Any CPU
		{0D7422D4-80B2-4771-903B-E54A58F97D23}.Debug|Any CPU.Build.0 = Debug|Any CPU
		{0D7422D4-80B2-4771-903B-E54A58F97D23}.Release|Any CPU.ActiveCfg = Release|Any CPU
		{0D7422D4-80B2-4771-903B-E54A58F97D23}.Release|Any CPU.Build.0 = Release|Any CPU
		{404E960A-891A-4DB1-9BEC-729D58B3BD32}.Debug|Any CPU.ActiveCfg = Debug|Any CPU
		{404E960A-891A-4DB1-9BEC-729D58B3BD32}.Debug|Any CPU.Build.0 = Debug|Any CPU
		{404E960A-891A-4DB1-9BEC-729D58B3BD32}.Release|Any CPU.ActiveCfg = Release|Any CPU
		{404E960A-891A-4DB1-9BEC-729D58B3BD32}.Release|Any CPU.Build.0 = Release|Any CPU
		{FEBE551F-27EF-4DB8-AC6D-10EF70A528A8}.Debug|Any CPU.ActiveCfg = Debug|Any CPU
		{FEBE551F-27EF-4DB8-AC6D-10EF70A528A8}.Debug|Any CPU.Build.0 = Debug|Any CPU
		{FEBE551F-27EF-4DB8-AC6D-10EF70A528A8}.Release|Any CPU.ActiveCfg = Release|Any CPU
		{FEBE551F-27EF-4DB8-AC6D-10EF70A528A8}.Release|Any CPU.Build.0 = Release|Any CPU
		{F158D4F7-6802-44A6-B81C-3868BE3F94A2}.Debug|Any CPU.ActiveCfg = Debug|Any CPU
		{F158D4F7-6802-44A6-B81C-3868BE3F94A2}.Debug|Any CPU.Build.0 = Debug|Any CPU
		{F158D4F7-6802-44A6-B81C-3868BE3F94A2}.Release|Any CPU.ActiveCfg = Release|Any CPU
		{F158D4F7-6802-44A6-B81C-3868BE3F94A2}.Release|Any CPU.Build.0 = Release|Any CPU
		{3E707F37-44EB-4FAF-A6B4-51E9AB4F75E0}.Debug|Any CPU.ActiveCfg = Debug|Any CPU
		{3E707F37-44EB-4FAF-A6B4-51E9AB4F75E0}.Debug|Any CPU.Build.0 = Debug|Any CPU
		{3E707F37-44EB-4FAF-A6B4-51E9AB4F75E0}.Release|Any CPU.ActiveCfg = Release|Any CPU
		{3E707F37-44EB-4FAF-A6B4-51E9AB4F75E0}.Release|Any CPU.Build.0 = Release|Any CPU
		{15653B18-2819-439E-9274-3597C8CE07F4}.Debug|Any CPU.ActiveCfg = Debug|Any CPU
		{15653B18-2819-439E-9274-3597C8CE07F4}.Debug|Any CPU.Build.0 = Debug|Any CPU
		{15653B18-2819-439E-9274-3597C8CE07F4}.Release|Any CPU.ActiveCfg = Release|Any CPU
		{15653B18-2819-439E-9274-3597C8CE07F4}.Release|Any CPU.Build.0 = Release|Any CPU
		{278B4834-C669-45EE-9904-54652CFA7247}.Debug|Any CPU.ActiveCfg = Debug|Any CPU
		{278B4834-C669-45EE-9904-54652CFA7247}.Debug|Any CPU.Build.0 = Debug|Any CPU
		{278B4834-C669-45EE-9904-54652CFA7247}.Release|Any CPU.ActiveCfg = Release|Any CPU
		{278B4834-C669-45EE-9904-54652CFA7247}.Release|Any CPU.Build.0 = Release|Any CPU
		{C0C80B86-5FD2-4D81-BE86-694E3BB08052}.Debug|Any CPU.ActiveCfg = Debug|Any CPU
		{C0C80B86-5FD2-4D81-BE86-694E3BB08052}.Debug|Any CPU.Build.0 = Debug|Any CPU
		{C0C80B86-5FD2-4D81-BE86-694E3BB08052}.Release|Any CPU.ActiveCfg = Release|Any CPU
		{C0C80B86-5FD2-4D81-BE86-694E3BB08052}.Release|Any CPU.Build.0 = Release|Any CPU
		{BDEFBCEB-D812-4709-A7B0-071D84D350A4}.Debug|Any CPU.ActiveCfg = Debug|Any CPU
		{BDEFBCEB-D812-4709-A7B0-071D84D350A4}.Debug|Any CPU.Build.0 = Debug|Any CPU
		{BDEFBCEB-D812-4709-A7B0-071D84D350A4}.Release|Any CPU.ActiveCfg = Release|Any CPU
		{BDEFBCEB-D812-4709-A7B0-071D84D350A4}.Release|Any CPU.Build.0 = Release|Any CPU
		{1E5AAF43-E8C5-4CCB-B9F8-6F3118C4D3D0}.Debug|Any CPU.ActiveCfg = Debug|Any CPU
		{1E5AAF43-E8C5-4CCB-B9F8-6F3118C4D3D0}.Debug|Any CPU.Build.0 = Debug|Any CPU
		{1E5AAF43-E8C5-4CCB-B9F8-6F3118C4D3D0}.Release|Any CPU.ActiveCfg = Release|Any CPU
		{1E5AAF43-E8C5-4CCB-B9F8-6F3118C4D3D0}.Release|Any CPU.Build.0 = Release|Any CPU
		{57AD3E32-D1CA-4B6A-A48E-DC64E0A369CE}.Debug|Any CPU.ActiveCfg = Debug|Any CPU
		{57AD3E32-D1CA-4B6A-A48E-DC64E0A369CE}.Debug|Any CPU.Build.0 = Debug|Any CPU
		{57AD3E32-D1CA-4B6A-A48E-DC64E0A369CE}.Release|Any CPU.ActiveCfg = Release|Any CPU
		{57AD3E32-D1CA-4B6A-A48E-DC64E0A369CE}.Release|Any CPU.Build.0 = Release|Any CPU
		{6694F720-F6B0-4929-A4C6-5ADC7FA818C3}.Debug|Any CPU.ActiveCfg = Debug|Any CPU
		{6694F720-F6B0-4929-A4C6-5ADC7FA818C3}.Debug|Any CPU.Build.0 = Debug|Any CPU
		{6694F720-F6B0-4929-A4C6-5ADC7FA818C3}.Release|Any CPU.ActiveCfg = Release|Any CPU
		{6694F720-F6B0-4929-A4C6-5ADC7FA818C3}.Release|Any CPU.Build.0 = Release|Any CPU
		{EF84D85C-710C-4D2C-8C32-FF2DB2EDAFEB}.Debug|Any CPU.ActiveCfg = Debug|Any CPU
		{EF84D85C-710C-4D2C-8C32-FF2DB2EDAFEB}.Debug|Any CPU.Build.0 = Debug|Any CPU
		{EF84D85C-710C-4D2C-8C32-FF2DB2EDAFEB}.Release|Any CPU.ActiveCfg = Release|Any CPU
		{EF84D85C-710C-4D2C-8C32-FF2DB2EDAFEB}.Release|Any CPU.Build.0 = Release|Any CPU
		{87F6C767-9C9C-474F-8BD9-D8A0253A251E}.Debug|Any CPU.ActiveCfg = Debug|Any CPU
		{87F6C767-9C9C-474F-8BD9-D8A0253A251E}.Debug|Any CPU.Build.0 = Debug|Any CPU
		{87F6C767-9C9C-474F-8BD9-D8A0253A251E}.Release|Any CPU.ActiveCfg = Release|Any CPU
		{87F6C767-9C9C-474F-8BD9-D8A0253A251E}.Release|Any CPU.Build.0 = Release|Any CPU
		{CCCEBC40-8DCC-4BF4-B70B-8F2299FAC5F4}.Debug|Any CPU.ActiveCfg = Debug|Any CPU
		{CCCEBC40-8DCC-4BF4-B70B-8F2299FAC5F4}.Debug|Any CPU.Build.0 = Debug|Any CPU
		{CCCEBC40-8DCC-4BF4-B70B-8F2299FAC5F4}.Release|Any CPU.ActiveCfg = Release|Any CPU
		{CCCEBC40-8DCC-4BF4-B70B-8F2299FAC5F4}.Release|Any CPU.Build.0 = Release|Any CPU
		{ED3AE9CF-0ADA-4776-A8FB-62627EE16AB9}.Debug|Any CPU.ActiveCfg = Debug|Any CPU
		{ED3AE9CF-0ADA-4776-A8FB-62627EE16AB9}.Debug|Any CPU.Build.0 = Debug|Any CPU
		{ED3AE9CF-0ADA-4776-A8FB-62627EE16AB9}.Release|Any CPU.ActiveCfg = Release|Any CPU
		{ED3AE9CF-0ADA-4776-A8FB-62627EE16AB9}.Release|Any CPU.Build.0 = Release|Any CPU
		{35F45A4D-856A-4745-A968-3F2CFAFDBDFF}.Debug|Any CPU.ActiveCfg = Debug|Any CPU
		{35F45A4D-856A-4745-A968-3F2CFAFDBDFF}.Debug|Any CPU.Build.0 = Debug|Any CPU
		{35F45A4D-856A-4745-A968-3F2CFAFDBDFF}.Release|Any CPU.ActiveCfg = Release|Any CPU
		{35F45A4D-856A-4745-A968-3F2CFAFDBDFF}.Release|Any CPU.Build.0 = Release|Any CPU
		{66B874ED-8127-4DE5-A6DD-49E2E055DBA1}.Debug|Any CPU.ActiveCfg = Debug|Any CPU
		{66B874ED-8127-4DE5-A6DD-49E2E055DBA1}.Debug|Any CPU.Build.0 = Debug|Any CPU
		{66B874ED-8127-4DE5-A6DD-49E2E055DBA1}.Release|Any CPU.ActiveCfg = Release|Any CPU
		{66B874ED-8127-4DE5-A6DD-49E2E055DBA1}.Release|Any CPU.Build.0 = Release|Any CPU
		{2C226748-369E-4E08-9AA2-A11B7053AE9E}.Debug|Any CPU.ActiveCfg = Debug|Any CPU
		{2C226748-369E-4E08-9AA2-A11B7053AE9E}.Debug|Any CPU.Build.0 = Debug|Any CPU
		{2C226748-369E-4E08-9AA2-A11B7053AE9E}.Release|Any CPU.ActiveCfg = Release|Any CPU
		{2C226748-369E-4E08-9AA2-A11B7053AE9E}.Release|Any CPU.Build.0 = Release|Any CPU
		{43732A1C-0100-4153-8BD3-BEFEDFB65415}.Debug|Any CPU.ActiveCfg = Debug|Any CPU
		{43732A1C-0100-4153-8BD3-BEFEDFB65415}.Debug|Any CPU.Build.0 = Debug|Any CPU
		{43732A1C-0100-4153-8BD3-BEFEDFB65415}.Release|Any CPU.ActiveCfg = Release|Any CPU
		{43732A1C-0100-4153-8BD3-BEFEDFB65415}.Release|Any CPU.Build.0 = Release|Any CPU
		{5044E9E5-6094-4570-817D-DB3ADF34AA80}.Debug|Any CPU.ActiveCfg = Debug|Any CPU
		{5044E9E5-6094-4570-817D-DB3ADF34AA80}.Debug|Any CPU.Build.0 = Debug|Any CPU
		{5044E9E5-6094-4570-817D-DB3ADF34AA80}.Release|Any CPU.ActiveCfg = Release|Any CPU
		{5044E9E5-6094-4570-817D-DB3ADF34AA80}.Release|Any CPU.Build.0 = Release|Any CPU
		{0FB40463-2149-499A-95BB-9BEC546F361F}.Debug|Any CPU.ActiveCfg = Debug|Any CPU
		{0FB40463-2149-499A-95BB-9BEC546F361F}.Debug|Any CPU.Build.0 = Debug|Any CPU
		{0FB40463-2149-499A-95BB-9BEC546F361F}.Release|Any CPU.ActiveCfg = Release|Any CPU
		{0FB40463-2149-499A-95BB-9BEC546F361F}.Release|Any CPU.Build.0 = Release|Any CPU
		{2E77A74C-0F2A-4205-A57E-E2AC70743766}.Debug|Any CPU.ActiveCfg = Debug|Any CPU
		{2E77A74C-0F2A-4205-A57E-E2AC70743766}.Debug|Any CPU.Build.0 = Debug|Any CPU
		{2E77A74C-0F2A-4205-A57E-E2AC70743766}.Release|Any CPU.ActiveCfg = Release|Any CPU
		{2E77A74C-0F2A-4205-A57E-E2AC70743766}.Release|Any CPU.Build.0 = Release|Any CPU
		{D89172C1-D2B6-4EFC-8A4D-8F4E5DDA56F5}.Debug|Any CPU.ActiveCfg = Debug|Any CPU
		{D89172C1-D2B6-4EFC-8A4D-8F4E5DDA56F5}.Debug|Any CPU.Build.0 = Debug|Any CPU
		{D89172C1-D2B6-4EFC-8A4D-8F4E5DDA56F5}.Release|Any CPU.ActiveCfg = Release|Any CPU
		{D89172C1-D2B6-4EFC-8A4D-8F4E5DDA56F5}.Release|Any CPU.Build.0 = Release|Any CPU
		{AB3A9E71-984A-49D6-9571-122AAB315939}.Debug|Any CPU.ActiveCfg = Debug|Any CPU
		{AB3A9E71-984A-49D6-9571-122AAB315939}.Debug|Any CPU.Build.0 = Debug|Any CPU
		{AB3A9E71-984A-49D6-9571-122AAB315939}.Release|Any CPU.ActiveCfg = Release|Any CPU
		{AB3A9E71-984A-49D6-9571-122AAB315939}.Release|Any CPU.Build.0 = Release|Any CPU
		{A86F7A45-A338-4C92-B72A-64D1CA8EFFE3}.Debug|Any CPU.ActiveCfg = Debug|Any CPU
		{A86F7A45-A338-4C92-B72A-64D1CA8EFFE3}.Debug|Any CPU.Build.0 = Debug|Any CPU
		{A86F7A45-A338-4C92-B72A-64D1CA8EFFE3}.Release|Any CPU.ActiveCfg = Release|Any CPU
		{A86F7A45-A338-4C92-B72A-64D1CA8EFFE3}.Release|Any CPU.Build.0 = Release|Any CPU
		{0F096D56-5756-4843-8BA4-D4B486F60517}.Debug|Any CPU.ActiveCfg = Debug|Any CPU
		{0F096D56-5756-4843-8BA4-D4B486F60517}.Debug|Any CPU.Build.0 = Debug|Any CPU
		{0F096D56-5756-4843-8BA4-D4B486F60517}.Release|Any CPU.ActiveCfg = Release|Any CPU
		{0F096D56-5756-4843-8BA4-D4B486F60517}.Release|Any CPU.Build.0 = Release|Any CPU
		{24C5872A-96CB-4EC4-9037-F3187E2FC311}.Debug|Any CPU.ActiveCfg = Debug|Any CPU
		{24C5872A-96CB-4EC4-9037-F3187E2FC311}.Debug|Any CPU.Build.0 = Debug|Any CPU
		{24C5872A-96CB-4EC4-9037-F3187E2FC311}.Release|Any CPU.ActiveCfg = Release|Any CPU
		{24C5872A-96CB-4EC4-9037-F3187E2FC311}.Release|Any CPU.Build.0 = Release|Any CPU
		{C2785A79-34DB-4097-B25B-5C0E516C3F36}.Debug|Any CPU.ActiveCfg = Debug|Any CPU
		{C2785A79-34DB-4097-B25B-5C0E516C3F36}.Debug|Any CPU.Build.0 = Debug|Any CPU
		{C2785A79-34DB-4097-B25B-5C0E516C3F36}.Release|Any CPU.ActiveCfg = Release|Any CPU
		{C2785A79-34DB-4097-B25B-5C0E516C3F36}.Release|Any CPU.Build.0 = Release|Any CPU
		{8D4447CA-C383-4A81-AF72-6E6406301F3A}.Debug|Any CPU.ActiveCfg = Debug|Any CPU
		{8D4447CA-C383-4A81-AF72-6E6406301F3A}.Debug|Any CPU.Build.0 = Debug|Any CPU
		{8D4447CA-C383-4A81-AF72-6E6406301F3A}.Release|Any CPU.ActiveCfg = Release|Any CPU
		{8D4447CA-C383-4A81-AF72-6E6406301F3A}.Release|Any CPU.Build.0 = Release|Any CPU
		{29F78190-5D4D-4887-B181-181CDDC09F98}.Debug|Any CPU.ActiveCfg = Debug|Any CPU
		{29F78190-5D4D-4887-B181-181CDDC09F98}.Debug|Any CPU.Build.0 = Debug|Any CPU
		{29F78190-5D4D-4887-B181-181CDDC09F98}.Release|Any CPU.ActiveCfg = Release|Any CPU
		{29F78190-5D4D-4887-B181-181CDDC09F98}.Release|Any CPU.Build.0 = Release|Any CPU
		{2C5A68DD-0572-40FA-9DF4-8CDA7A386AAA}.Debug|Any CPU.ActiveCfg = Debug|Any CPU
		{2C5A68DD-0572-40FA-9DF4-8CDA7A386AAA}.Debug|Any CPU.Build.0 = Debug|Any CPU
		{2C5A68DD-0572-40FA-9DF4-8CDA7A386AAA}.Release|Any CPU.ActiveCfg = Release|Any CPU
		{2C5A68DD-0572-40FA-9DF4-8CDA7A386AAA}.Release|Any CPU.Build.0 = Release|Any CPU
		{4BA32B25-191E-4ACC-A8F9-BD0D0D3445D5}.Debug|Any CPU.ActiveCfg = Debug|Any CPU
		{4BA32B25-191E-4ACC-A8F9-BD0D0D3445D5}.Debug|Any CPU.Build.0 = Debug|Any CPU
		{4BA32B25-191E-4ACC-A8F9-BD0D0D3445D5}.Release|Any CPU.ActiveCfg = Release|Any CPU
		{4BA32B25-191E-4ACC-A8F9-BD0D0D3445D5}.Release|Any CPU.Build.0 = Release|Any CPU
		{6F84BB64-F8C4-4A77-97F8-239FAF3B3FD6}.Debug|Any CPU.ActiveCfg = Debug|Any CPU
		{6F84BB64-F8C4-4A77-97F8-239FAF3B3FD6}.Debug|Any CPU.Build.0 = Debug|Any CPU
		{6F84BB64-F8C4-4A77-97F8-239FAF3B3FD6}.Release|Any CPU.ActiveCfg = Release|Any CPU
		{6F84BB64-F8C4-4A77-97F8-239FAF3B3FD6}.Release|Any CPU.Build.0 = Release|Any CPU
		{D6B8A4A2-391B-4652-B205-A4D71745A04A}.Debug|Any CPU.ActiveCfg = Debug|Any CPU
		{D6B8A4A2-391B-4652-B205-A4D71745A04A}.Debug|Any CPU.Build.0 = Debug|Any CPU
		{D6B8A4A2-391B-4652-B205-A4D71745A04A}.Release|Any CPU.ActiveCfg = Release|Any CPU
		{D6B8A4A2-391B-4652-B205-A4D71745A04A}.Release|Any CPU.Build.0 = Release|Any CPU
		{4CE06752-BE97-4D66-9F33-64F4D02B4A18}.Debug|Any CPU.ActiveCfg = Debug|Any CPU
		{4CE06752-BE97-4D66-9F33-64F4D02B4A18}.Debug|Any CPU.Build.0 = Debug|Any CPU
		{4CE06752-BE97-4D66-9F33-64F4D02B4A18}.Release|Any CPU.ActiveCfg = Release|Any CPU
		{4CE06752-BE97-4D66-9F33-64F4D02B4A18}.Release|Any CPU.Build.0 = Release|Any CPU
		{6D32A3CD-A976-4699-91BB-88BB6DFF6274}.Debug|Any CPU.ActiveCfg = Debug|Any CPU
		{6D32A3CD-A976-4699-91BB-88BB6DFF6274}.Debug|Any CPU.Build.0 = Debug|Any CPU
		{6D32A3CD-A976-4699-91BB-88BB6DFF6274}.Release|Any CPU.ActiveCfg = Release|Any CPU
		{6D32A3CD-A976-4699-91BB-88BB6DFF6274}.Release|Any CPU.Build.0 = Release|Any CPU
		{22F68D7A-3AB2-4BC6-A756-6900F2770EF1}.Debug|Any CPU.ActiveCfg = Debug|Any CPU
		{22F68D7A-3AB2-4BC6-A756-6900F2770EF1}.Debug|Any CPU.Build.0 = Debug|Any CPU
		{22F68D7A-3AB2-4BC6-A756-6900F2770EF1}.Release|Any CPU.ActiveCfg = Release|Any CPU
		{22F68D7A-3AB2-4BC6-A756-6900F2770EF1}.Release|Any CPU.Build.0 = Release|Any CPU
		{10D915EB-0691-4F9B-9842-D09D7180ED01}.Debug|Any CPU.ActiveCfg = Debug|Any CPU
		{10D915EB-0691-4F9B-9842-D09D7180ED01}.Debug|Any CPU.Build.0 = Debug|Any CPU
		{10D915EB-0691-4F9B-9842-D09D7180ED01}.Release|Any CPU.ActiveCfg = Release|Any CPU
		{10D915EB-0691-4F9B-9842-D09D7180ED01}.Release|Any CPU.Build.0 = Release|Any CPU
		{2ABF40A3-4C44-4CE7-A80E-EA8E4E556113}.Debug|Any CPU.ActiveCfg = Debug|Any CPU
		{2ABF40A3-4C44-4CE7-A80E-EA8E4E556113}.Debug|Any CPU.Build.0 = Debug|Any CPU
		{2ABF40A3-4C44-4CE7-A80E-EA8E4E556113}.Release|Any CPU.ActiveCfg = Release|Any CPU
		{2ABF40A3-4C44-4CE7-A80E-EA8E4E556113}.Release|Any CPU.Build.0 = Release|Any CPU
		{29856096-3C0E-446E-9C39-BB7FEAB2A361}.Debug|Any CPU.ActiveCfg = Debug|Any CPU
		{29856096-3C0E-446E-9C39-BB7FEAB2A361}.Debug|Any CPU.Build.0 = Debug|Any CPU
		{29856096-3C0E-446E-9C39-BB7FEAB2A361}.Release|Any CPU.ActiveCfg = Release|Any CPU
		{29856096-3C0E-446E-9C39-BB7FEAB2A361}.Release|Any CPU.Build.0 = Release|Any CPU
		{313402B6-4D52-4B9E-8F40-5BA0173E8A8F}.Debug|Any CPU.ActiveCfg = Debug|Any CPU
		{313402B6-4D52-4B9E-8F40-5BA0173E8A8F}.Debug|Any CPU.Build.0 = Debug|Any CPU
		{313402B6-4D52-4B9E-8F40-5BA0173E8A8F}.Release|Any CPU.ActiveCfg = Release|Any CPU
		{313402B6-4D52-4B9E-8F40-5BA0173E8A8F}.Release|Any CPU.Build.0 = Release|Any CPU
		{E01F7070-09C4-4944-B194-6629212AA1E3}.Debug|Any CPU.ActiveCfg = Debug|Any CPU
		{E01F7070-09C4-4944-B194-6629212AA1E3}.Debug|Any CPU.Build.0 = Debug|Any CPU
		{E01F7070-09C4-4944-B194-6629212AA1E3}.Release|Any CPU.ActiveCfg = Release|Any CPU
		{E01F7070-09C4-4944-B194-6629212AA1E3}.Release|Any CPU.Build.0 = Release|Any CPU
		{EEE35B24-6A92-4A47-829B-6891B370CA24}.Debug|Any CPU.ActiveCfg = Debug|Any CPU
		{EEE35B24-6A92-4A47-829B-6891B370CA24}.Debug|Any CPU.Build.0 = Debug|Any CPU
		{EEE35B24-6A92-4A47-829B-6891B370CA24}.Release|Any CPU.ActiveCfg = Release|Any CPU
		{EEE35B24-6A92-4A47-829B-6891B370CA24}.Release|Any CPU.Build.0 = Release|Any CPU
		{97FE8EB5-970C-4A55-BFC4-1A5D6AA8D5F9}.Debug|Any CPU.ActiveCfg = Debug|Any CPU
		{97FE8EB5-970C-4A55-BFC4-1A5D6AA8D5F9}.Debug|Any CPU.Build.0 = Debug|Any CPU
		{97FE8EB5-970C-4A55-BFC4-1A5D6AA8D5F9}.Release|Any CPU.ActiveCfg = Release|Any CPU
		{97FE8EB5-970C-4A55-BFC4-1A5D6AA8D5F9}.Release|Any CPU.Build.0 = Release|Any CPU
		{036DFE22-FCD7-4254-ABF0-8DF2FB98ED2F}.Debug|Any CPU.ActiveCfg = Debug|Any CPU
		{036DFE22-FCD7-4254-ABF0-8DF2FB98ED2F}.Debug|Any CPU.Build.0 = Debug|Any CPU
		{036DFE22-FCD7-4254-ABF0-8DF2FB98ED2F}.Release|Any CPU.ActiveCfg = Release|Any CPU
		{036DFE22-FCD7-4254-ABF0-8DF2FB98ED2F}.Release|Any CPU.Build.0 = Release|Any CPU
		{1937DA9D-7548-44DB-90E8-6EB3A3A23A99}.Debug|Any CPU.ActiveCfg = Debug|Any CPU
		{1937DA9D-7548-44DB-90E8-6EB3A3A23A99}.Debug|Any CPU.Build.0 = Debug|Any CPU
		{1937DA9D-7548-44DB-90E8-6EB3A3A23A99}.Release|Any CPU.ActiveCfg = Release|Any CPU
		{1937DA9D-7548-44DB-90E8-6EB3A3A23A99}.Release|Any CPU.Build.0 = Release|Any CPU
		{193877A4-10A6-4325-A39F-AEA9C61A4E5E}.Debug|Any CPU.ActiveCfg = Debug|Any CPU
		{193877A4-10A6-4325-A39F-AEA9C61A4E5E}.Debug|Any CPU.Build.0 = Debug|Any CPU
		{193877A4-10A6-4325-A39F-AEA9C61A4E5E}.Release|Any CPU.ActiveCfg = Release|Any CPU
		{193877A4-10A6-4325-A39F-AEA9C61A4E5E}.Release|Any CPU.Build.0 = Release|Any CPU
		{51498CE4-0788-4450-8990-3CD550915654}.Debug|Any CPU.ActiveCfg = Debug|Any CPU
		{51498CE4-0788-4450-8990-3CD550915654}.Debug|Any CPU.Build.0 = Debug|Any CPU
		{51498CE4-0788-4450-8990-3CD550915654}.Release|Any CPU.ActiveCfg = Release|Any CPU
		{51498CE4-0788-4450-8990-3CD550915654}.Release|Any CPU.Build.0 = Release|Any CPU
		{251FCE85-9B16-49C4-B94E-F07A66C4A5BA}.Debug|Any CPU.ActiveCfg = Debug|Any CPU
		{251FCE85-9B16-49C4-B94E-F07A66C4A5BA}.Debug|Any CPU.Build.0 = Debug|Any CPU
		{251FCE85-9B16-49C4-B94E-F07A66C4A5BA}.Release|Any CPU.ActiveCfg = Release|Any CPU
		{251FCE85-9B16-49C4-B94E-F07A66C4A5BA}.Release|Any CPU.Build.0 = Release|Any CPU
		{76143901-C406-4D9C-88E1-D7E8C5B8995B}.Debug|Any CPU.ActiveCfg = Debug|Any CPU
		{76143901-C406-4D9C-88E1-D7E8C5B8995B}.Debug|Any CPU.Build.0 = Debug|Any CPU
		{76143901-C406-4D9C-88E1-D7E8C5B8995B}.Release|Any CPU.ActiveCfg = Release|Any CPU
		{76143901-C406-4D9C-88E1-D7E8C5B8995B}.Release|Any CPU.Build.0 = Release|Any CPU
		{4C2EEE3D-6385-41CD-B211-90989DFB9022}.Debug|Any CPU.ActiveCfg = Debug|Any CPU
		{4C2EEE3D-6385-41CD-B211-90989DFB9022}.Debug|Any CPU.Build.0 = Debug|Any CPU
		{4C2EEE3D-6385-41CD-B211-90989DFB9022}.Release|Any CPU.ActiveCfg = Release|Any CPU
		{4C2EEE3D-6385-41CD-B211-90989DFB9022}.Release|Any CPU.Build.0 = Release|Any CPU
		{5AED3DB4-8B46-48F6-8FEF-82E25EE9B905}.Debug|Any CPU.ActiveCfg = Debug|Any CPU
		{5AED3DB4-8B46-48F6-8FEF-82E25EE9B905}.Debug|Any CPU.Build.0 = Debug|Any CPU
		{5AED3DB4-8B46-48F6-8FEF-82E25EE9B905}.Release|Any CPU.ActiveCfg = Release|Any CPU
		{5AED3DB4-8B46-48F6-8FEF-82E25EE9B905}.Release|Any CPU.Build.0 = Release|Any CPU
	EndGlobalSection
	GlobalSection(SolutionProperties) = preSolution
		HideSolutionNode = FALSE
	EndGlobalSection
EndGlobal
